
Microsoft Visual Studio Solution File, Format Version 12.00
# Visual Studio 15
VisualStudioVersion = 15.0.28307.1259
MinimumVisualStudioVersion = 10.0.40219.1
Project("{FAE04EC0-301F-11D3-BF4B-00C04F79EFBC}") = "wa_trab_final", "wa_trab_final\wa_trab_final.csproj", "{D538097A-418D-4500-8291-2F0ADAC9B510}"
EndProject
Global
	GlobalSection(SolutionConfigurationPlatforms) = preSolution
		Debug|Any CPU = Debug|Any CPU
		Release|Any CPU = Release|Any CPU
	EndGlobalSection
	GlobalSection(ProjectConfigurationPlatforms) = postSolution
		{D538097A-418D-4500-8291-2F0ADAC9B510}.Debug|Any CPU.ActiveCfg = Debug|Any CPU
		{D538097A-418D-4500-8291-2F0ADAC9B510}.Debug|Any CPU.Build.0 = Debug|Any CPU
		{D538097A-418D-4500-8291-2F0ADAC9B510}.Release|Any CPU.ActiveCfg = Release|Any CPU
		{D538097A-418D-4500-8291-2F0ADAC9B510}.Release|Any CPU.Build.0 = Release|Any CPU
	EndGlobalSection
	GlobalSection(SolutionProperties) = preSolution
		HideSolutionNode = FALSE
	EndGlobalSection
	GlobalSection(ExtensibilityGlobals) = postSolution
		SolutionGuid = {AF151F8F-AFC9-4F69-986B-FC27875384EE}
	EndGlobalSection
EndGlobal
